// !$*UTF8*$!
{
	archiveVersion = 1;
	classes = {
	};
	objectVersion = 51;
	objects = {

/* Begin PBXBuildFile section */
		50AD4B67F0BF26B984ACBE6A /* Pods_MyFirst.framework in Frameworks */ = {isa = PBXBuildFile; fileRef = 1511E526DEAECFC133EB54FF /* Pods_MyFirst.framework */; };
		604FFEE2276DDB280057140E /* FavoriteDetailViewController.swift in Sources */ = {isa = PBXBuildFile; fileRef = 604FFEE1276DDB280057140E /* FavoriteDetailViewController.swift */; };
		60825D7D259B102300B7B242 /* FavoriteListViewController.swift in Sources */ = {isa = PBXBuildFile; fileRef = 60825D7C259B102300B7B242 /* FavoriteListViewController.swift */; };
		60825D83259B10EF00B7B242 /* MyTabBarController.swift in Sources */ = {isa = PBXBuildFile; fileRef = 60825D82259B10EF00B7B242 /* MyTabBarController.swift */; };
		60878CFC275B4DAF0052B91C /* FavoriteGroupView.swift in Sources */ = {isa = PBXBuildFile; fileRef = 60878CFB275B4DAF0052B91C /* FavoriteGroupView.swift */; };
		60878CFE275B4E9A0052B91C /* MyFavorite.swift in Sources */ = {isa = PBXBuildFile; fileRef = 60878CFD275B4E9A0052B91C /* MyFavorite.swift */; };
		60878D00275B4F090052B91C /* FavoriteCollectionViewCell.swift in Sources */ = {isa = PBXBuildFile; fileRef = 60878CFF275B4F090052B91C /* FavoriteCollectionViewCell.swift */; };
		60878D02275B55D80052B91C /* AppDependencies.swift in Sources */ = {isa = PBXBuildFile; fileRef = 60878D01275B55D80052B91C /* AppDependencies.swift */; };
		60878D05275B566A0052B91C /* FavoriteListViewControllerProtocol.swift in Sources */ = {isa = PBXBuildFile; fileRef = 60878D04275B566A0052B91C /* FavoriteListViewControllerProtocol.swift */; };
		60878D07275B56D20052B91C /* FavoriteListPresenterProtocol .swift in Sources */ = {isa = PBXBuildFile; fileRef = 60878D06275B56D20052B91C /* FavoriteListPresenterProtocol .swift */; };
		60878D09275B56EE0052B91C /* FavoriteListPresenter.swift in Sources */ = {isa = PBXBuildFile; fileRef = 60878D08275B56EE0052B91C /* FavoriteListPresenter.swift */; };
		60878D0B275B58450052B91C /* FavoriteListRouterProtocol.swift in Sources */ = {isa = PBXBuildFile; fileRef = 60878D0A275B58450052B91C /* FavoriteListRouterProtocol.swift */; };
		60878D0D275B585A0052B91C /* FavoriteListRouter.swift in Sources */ = {isa = PBXBuildFile; fileRef = 60878D0C275B585A0052B91C /* FavoriteListRouter.swift */; };
		60878D14275B64230052B91C /* FavoriteListInteractorProtocol.swift in Sources */ = {isa = PBXBuildFile; fileRef = 60878D13275B64230052B91C /* FavoriteListInteractorProtocol.swift */; };
		60878D16275B642A0052B91C /* FavoriteListInteractor.swift in Sources */ = {isa = PBXBuildFile; fileRef = 60878D15275B642A0052B91C /* FavoriteListInteractor.swift */; };
		60878D18275B85690052B91C /* FavoriteCategory.swift in Sources */ = {isa = PBXBuildFile; fileRef = 60878D17275B85690052B91C /* FavoriteCategory.swift */; };
		60878D1A275B8EA00052B91C /* FavoriteRegistrationViewController.swift in Sources */ = {isa = PBXBuildFile; fileRef = 60878D19275B8EA00052B91C /* FavoriteRegistrationViewController.swift */; };
		60878D1C275C9AB30052B91C /* CustomTextField.swift in Sources */ = {isa = PBXBuildFile; fileRef = 60878D1B275C9AB20052B91C /* CustomTextField.swift */; };
		608922A12776F95F00698ABD /* CustomUIColor.swift in Sources */ = {isa = PBXBuildFile; fileRef = 608922A02776F95F00698ABD /* CustomUIColor.swift */; };
		608922A32777438800698ABD /* ProfileEditViewController.swift in Sources */ = {isa = PBXBuildFile; fileRef = 608922A22777438800698ABD /* ProfileEditViewController.swift */; };
		608922A52777456B00698ABD /* Toast.swift in Sources */ = {isa = PBXBuildFile; fileRef = 608922A42777456B00698ABD /* Toast.swift */; };
		608922A727774DAA00698ABD /* UserInfo.swift in Sources */ = {isa = PBXBuildFile; fileRef = 608922A627774DAA00698ABD /* UserInfo.swift */; };
		608922A9277823FE00698ABD /* CustomTextView.swift in Sources */ = {isa = PBXBuildFile; fileRef = 608922A8277823FE00698ABD /* CustomTextView.swift */; };
		60984E7626A1B1B800E957C8 /* NewsView.swift in Sources */ = {isa = PBXBuildFile; fileRef = 60984E7526A1B1B800E957C8 /* NewsView.swift */; };
		60D5AADE259B0AC800A1243E /* VideoViewController.swift in Sources */ = {isa = PBXBuildFile; fileRef = 60D5AADD259B0AC800A1243E /* VideoViewController.swift */; };
		60D5CC9D258613B300C681DD /* AppDelegate.swift in Sources */ = {isa = PBXBuildFile; fileRef = 60D5CC9C258613B300C681DD /* AppDelegate.swift */; };
		60D5CC9F258613B300C681DD /* SceneDelegate.swift in Sources */ = {isa = PBXBuildFile; fileRef = 60D5CC9E258613B300C681DD /* SceneDelegate.swift */; };
		60D5CCA1258613B300C681DD /* HomeViewController.swift in Sources */ = {isa = PBXBuildFile; fileRef = 60D5CCA0258613B300C681DD /* HomeViewController.swift */; };
		60D5CCA6258613B600C681DD /* Assets.xcassets in Resources */ = {isa = PBXBuildFile; fileRef = 60D5CCA5258613B600C681DD /* Assets.xcassets */; };
		60D5CCA9258613B600C681DD /* LaunchScreen.storyboard in Resources */ = {isa = PBXBuildFile; fileRef = 60D5CCA7258613B600C681DD /* LaunchScreen.storyboard */; };
		60D5CCB4258613B600C681DD /* MyFirstTests.swift in Sources */ = {isa = PBXBuildFile; fileRef = 60D5CCB3258613B600C681DD /* MyFirstTests.swift */; };
		60D5CCBF258613B600C681DD /* MyFirstUITests.swift in Sources */ = {isa = PBXBuildFile; fileRef = 60D5CCBE258613B600C681DD /* MyFirstUITests.swift */; };
		60D5E92726A2F77C00803F7E /* VideoCollectionViewCell.swift in Sources */ = {isa = PBXBuildFile; fileRef = 60D5E92626A2F77C00803F7E /* VideoCollectionViewCell.swift */; };
		60D5E92C26A3056B00803F7E /* VideoType.swift in Sources */ = {isa = PBXBuildFile; fileRef = 60D5E92B26A3056B00803F7E /* VideoType.swift */; };
		60D5E93526A3A25000803F7E /* Oswald-VariableFont_wght.ttf in Resources */ = {isa = PBXBuildFile; fileRef = 60D5E93426A3A25000803F7E /* Oswald-VariableFont_wght.ttf */; };
		60D5E93D26A3C4D300803F7E /* DiscCollectionVIewCell.swift in Sources */ = {isa = PBXBuildFile; fileRef = 60D5E93C26A3C4D300803F7E /* DiscCollectionVIewCell.swift */; };
		60D5E94526A3C71600803F7E /* DiscGroupView.swift in Sources */ = {isa = PBXBuildFile; fileRef = 60D5E94426A3C71600803F7E /* DiscGroupView.swift */; };
		60F099A726A9627A0045CEB7 /* PhotoVIewController.swift in Sources */ = {isa = PBXBuildFile; fileRef = 60F099A626A9627A0045CEB7 /* PhotoVIewController.swift */; };
		60F099A926A963A60045CEB7 /* DiscType.swift in Sources */ = {isa = PBXBuildFile; fileRef = 60F099A826A963A60045CEB7 /* DiscType.swift */; };
		60F099B126A96E330045CEB7 /* CompactDisc.swift in Sources */ = {isa = PBXBuildFile; fileRef = 60F099B026A96E330045CEB7 /* CompactDisc.swift */; };
		60F099B426AA5A0A0045CEB7 /* AppleMusicManager.swift in Sources */ = {isa = PBXBuildFile; fileRef = 60F099B326AA5A0A0045CEB7 /* AppleMusicManager.swift */; };
		C2D43C5036F00A7497C8E312 /* Pods_MyFirstTests.framework in Frameworks */ = {isa = PBXBuildFile; fileRef = A13F73C2D21F8826789404C4 /* Pods_MyFirstTests.framework */; };
		E0C3893B1B9F09154EEBA89A /* Pods_MyFirst_MyFirstUITests.framework in Frameworks */ = {isa = PBXBuildFile; fileRef = C4B566FFC89D3666EC5E7E23 /* Pods_MyFirst_MyFirstUITests.framework */; };
/* End PBXBuildFile section */

/* Begin PBXContainerItemProxy section */
		60D5CCB0258613B600C681DD /* PBXContainerItemProxy */ = {
			isa = PBXContainerItemProxy;
			containerPortal = 60D5CC91258613B300C681DD /* Project object */;
			proxyType = 1;
			remoteGlobalIDString = 60D5CC98258613B300C681DD;
			remoteInfo = MyFirst;
		};
		60D5CCBB258613B600C681DD /* PBXContainerItemProxy */ = {
			isa = PBXContainerItemProxy;
			containerPortal = 60D5CC91258613B300C681DD /* Project object */;
			proxyType = 1;
			remoteGlobalIDString = 60D5CC98258613B300C681DD;
			remoteInfo = MyFirst;
		};
/* End PBXContainerItemProxy section */

/* Begin PBXFileReference section */
		1228334BAF5FE2E8BF9B6F7A /* Pods-MyFirst.release.xcconfig */ = {isa = PBXFileReference; includeInIndex = 1; lastKnownFileType = text.xcconfig; name = "Pods-MyFirst.release.xcconfig"; path = "Target Support Files/Pods-MyFirst/Pods-MyFirst.release.xcconfig"; sourceTree = "<group>"; };
		1511E526DEAECFC133EB54FF /* Pods_MyFirst.framework */ = {isa = PBXFileReference; explicitFileType = wrapper.framework; includeInIndex = 0; path = Pods_MyFirst.framework; sourceTree = BUILT_PRODUCTS_DIR; };
		1B223E29463043B03486C471 /* Pods-MyFirst-MyFirstUITests.release.xcconfig */ = {isa = PBXFileReference; includeInIndex = 1; lastKnownFileType = text.xcconfig; name = "Pods-MyFirst-MyFirstUITests.release.xcconfig"; path = "Target Support Files/Pods-MyFirst-MyFirstUITests/Pods-MyFirst-MyFirstUITests.release.xcconfig"; sourceTree = "<group>"; };
		3ACE71CA7F8DE1441B712588 /* Pods-MyFirstTests.debug.xcconfig */ = {isa = PBXFileReference; includeInIndex = 1; lastKnownFileType = text.xcconfig; name = "Pods-MyFirstTests.debug.xcconfig"; path = "Target Support Files/Pods-MyFirstTests/Pods-MyFirstTests.debug.xcconfig"; sourceTree = "<group>"; };
		44ECF60BF0E8B75CA51E37B3 /* Pods-MyFirst.debug.xcconfig */ = {isa = PBXFileReference; includeInIndex = 1; lastKnownFileType = text.xcconfig; name = "Pods-MyFirst.debug.xcconfig"; path = "Target Support Files/Pods-MyFirst/Pods-MyFirst.debug.xcconfig"; sourceTree = "<group>"; };
		464F05F55D38240FED411859 /* Pods-MyFirstTests.release.xcconfig */ = {isa = PBXFileReference; includeInIndex = 1; lastKnownFileType = text.xcconfig; name = "Pods-MyFirstTests.release.xcconfig"; path = "Target Support Files/Pods-MyFirstTests/Pods-MyFirstTests.release.xcconfig"; sourceTree = "<group>"; };
		56F056609B28AD22053B81D6 /* Pods-MyFirst-MyFirstUITests.debug.xcconfig */ = {isa = PBXFileReference; includeInIndex = 1; lastKnownFileType = text.xcconfig; name = "Pods-MyFirst-MyFirstUITests.debug.xcconfig"; path = "Target Support Files/Pods-MyFirst-MyFirstUITests/Pods-MyFirst-MyFirstUITests.debug.xcconfig"; sourceTree = "<group>"; };
		604FFEE1276DDB280057140E /* FavoriteDetailViewController.swift */ = {isa = PBXFileReference; lastKnownFileType = sourcecode.swift; path = FavoriteDetailViewController.swift; sourceTree = "<group>"; };
		60825D7C259B102300B7B242 /* FavoriteListViewController.swift */ = {isa = PBXFileReference; lastKnownFileType = sourcecode.swift; path = FavoriteListViewController.swift; sourceTree = "<group>"; };
		60825D82259B10EF00B7B242 /* MyTabBarController.swift */ = {isa = PBXFileReference; lastKnownFileType = sourcecode.swift; path = MyTabBarController.swift; sourceTree = "<group>"; };
		60878CFB275B4DAF0052B91C /* FavoriteGroupView.swift */ = {isa = PBXFileReference; lastKnownFileType = sourcecode.swift; path = FavoriteGroupView.swift; sourceTree = "<group>"; };
		60878CFD275B4E9A0052B91C /* MyFavorite.swift */ = {isa = PBXFileReference; lastKnownFileType = sourcecode.swift; path = MyFavorite.swift; sourceTree = "<group>"; };
		60878CFF275B4F090052B91C /* FavoriteCollectionViewCell.swift */ = {isa = PBXFileReference; lastKnownFileType = sourcecode.swift; path = FavoriteCollectionViewCell.swift; sourceTree = "<group>"; };
		60878D01275B55D80052B91C /* AppDependencies.swift */ = {isa = PBXFileReference; lastKnownFileType = sourcecode.swift; path = AppDependencies.swift; sourceTree = "<group>"; };
		60878D04275B566A0052B91C /* FavoriteListViewControllerProtocol.swift */ = {isa = PBXFileReference; lastKnownFileType = sourcecode.swift; path = FavoriteListViewControllerProtocol.swift; sourceTree = "<group>"; };
		60878D06275B56D20052B91C /* FavoriteListPresenterProtocol .swift */ = {isa = PBXFileReference; lastKnownFileType = sourcecode.swift; path = "FavoriteListPresenterProtocol .swift"; sourceTree = "<group>"; };
		60878D08275B56EE0052B91C /* FavoriteListPresenter.swift */ = {isa = PBXFileReference; lastKnownFileType = sourcecode.swift; path = FavoriteListPresenter.swift; sourceTree = "<group>"; };
		60878D0A275B58450052B91C /* FavoriteListRouterProtocol.swift */ = {isa = PBXFileReference; lastKnownFileType = sourcecode.swift; path = FavoriteListRouterProtocol.swift; sourceTree = "<group>"; };
		60878D0C275B585A0052B91C /* FavoriteListRouter.swift */ = {isa = PBXFileReference; lastKnownFileType = sourcecode.swift; path = FavoriteListRouter.swift; sourceTree = "<group>"; };
		60878D13275B64230052B91C /* FavoriteListInteractorProtocol.swift */ = {isa = PBXFileReference; lastKnownFileType = sourcecode.swift; path = FavoriteListInteractorProtocol.swift; sourceTree = "<group>"; };
		60878D15275B642A0052B91C /* FavoriteListInteractor.swift */ = {isa = PBXFileReference; lastKnownFileType = sourcecode.swift; path = FavoriteListInteractor.swift; sourceTree = "<group>"; };
		60878D17275B85690052B91C /* FavoriteCategory.swift */ = {isa = PBXFileReference; lastKnownFileType = sourcecode.swift; path = FavoriteCategory.swift; sourceTree = "<group>"; };
		60878D19275B8EA00052B91C /* FavoriteRegistrationViewController.swift */ = {isa = PBXFileReference; lastKnownFileType = sourcecode.swift; path = FavoriteRegistrationViewController.swift; sourceTree = "<group>"; };
		60878D1B275C9AB20052B91C /* CustomTextField.swift */ = {isa = PBXFileReference; lastKnownFileType = sourcecode.swift; path = CustomTextField.swift; sourceTree = "<group>"; };
		608922A02776F95F00698ABD /* CustomUIColor.swift */ = {isa = PBXFileReference; lastKnownFileType = sourcecode.swift; path = CustomUIColor.swift; sourceTree = "<group>"; };
		608922A22777438800698ABD /* ProfileEditViewController.swift */ = {isa = PBXFileReference; lastKnownFileType = sourcecode.swift; path = ProfileEditViewController.swift; sourceTree = "<group>"; };
		608922A42777456B00698ABD /* Toast.swift */ = {isa = PBXFileReference; lastKnownFileType = sourcecode.swift; path = Toast.swift; sourceTree = "<group>"; };
		608922A627774DAA00698ABD /* UserInfo.swift */ = {isa = PBXFileReference; lastKnownFileType = sourcecode.swift; path = UserInfo.swift; sourceTree = "<group>"; };
		608922A8277823FE00698ABD /* CustomTextView.swift */ = {isa = PBXFileReference; lastKnownFileType = sourcecode.swift; path = CustomTextView.swift; sourceTree = "<group>"; };
		60984E7526A1B1B800E957C8 /* NewsView.swift */ = {isa = PBXFileReference; lastKnownFileType = sourcecode.swift; path = NewsView.swift; sourceTree = "<group>"; };
		60D5AADD259B0AC800A1243E /* VideoViewController.swift */ = {isa = PBXFileReference; lastKnownFileType = sourcecode.swift; path = VideoViewController.swift; sourceTree = "<group>"; };
		60D5CC99258613B300C681DD /* MyFirst.app */ = {isa = PBXFileReference; explicitFileType = wrapper.application; includeInIndex = 0; path = MyFirst.app; sourceTree = BUILT_PRODUCTS_DIR; };
		60D5CC9C258613B300C681DD /* AppDelegate.swift */ = {isa = PBXFileReference; lastKnownFileType = sourcecode.swift; path = AppDelegate.swift; sourceTree = "<group>"; };
		60D5CC9E258613B300C681DD /* SceneDelegate.swift */ = {isa = PBXFileReference; lastKnownFileType = sourcecode.swift; path = SceneDelegate.swift; sourceTree = "<group>"; };
		60D5CCA0258613B300C681DD /* HomeViewController.swift */ = {isa = PBXFileReference; lastKnownFileType = sourcecode.swift; path = HomeViewController.swift; sourceTree = "<group>"; };
		60D5CCA5258613B600C681DD /* Assets.xcassets */ = {isa = PBXFileReference; lastKnownFileType = folder.assetcatalog; path = Assets.xcassets; sourceTree = "<group>"; };
		60D5CCA8258613B600C681DD /* Base */ = {isa = PBXFileReference; lastKnownFileType = file.storyboard; name = Base; path = Base.lproj/LaunchScreen.storyboard; sourceTree = "<group>"; };
		60D5CCAA258613B600C681DD /* Info.plist */ = {isa = PBXFileReference; lastKnownFileType = text.plist.xml; path = Info.plist; sourceTree = "<group>"; };
		60D5CCAF258613B600C681DD /* MyFirstTests.xctest */ = {isa = PBXFileReference; explicitFileType = wrapper.cfbundle; includeInIndex = 0; path = MyFirstTests.xctest; sourceTree = BUILT_PRODUCTS_DIR; };
		60D5CCB3258613B600C681DD /* MyFirstTests.swift */ = {isa = PBXFileReference; lastKnownFileType = sourcecode.swift; path = MyFirstTests.swift; sourceTree = "<group>"; };
		60D5CCB5258613B600C681DD /* Info.plist */ = {isa = PBXFileReference; lastKnownFileType = text.plist.xml; path = Info.plist; sourceTree = "<group>"; };
		60D5CCBA258613B600C681DD /* MyFirstUITests.xctest */ = {isa = PBXFileReference; explicitFileType = wrapper.cfbundle; includeInIndex = 0; path = MyFirstUITests.xctest; sourceTree = BUILT_PRODUCTS_DIR; };
		60D5CCBE258613B600C681DD /* MyFirstUITests.swift */ = {isa = PBXFileReference; lastKnownFileType = sourcecode.swift; path = MyFirstUITests.swift; sourceTree = "<group>"; };
		60D5CCC0258613B600C681DD /* Info.plist */ = {isa = PBXFileReference; lastKnownFileType = text.plist.xml; path = Info.plist; sourceTree = "<group>"; };
		60D5E92626A2F77C00803F7E /* VideoCollectionViewCell.swift */ = {isa = PBXFileReference; lastKnownFileType = sourcecode.swift; path = VideoCollectionViewCell.swift; sourceTree = "<group>"; };
		60D5E92B26A3056B00803F7E /* VideoType.swift */ = {isa = PBXFileReference; lastKnownFileType = sourcecode.swift; path = VideoType.swift; sourceTree = "<group>"; };
		60D5E93426A3A25000803F7E /* Oswald-VariableFont_wght.ttf */ = {isa = PBXFileReference; lastKnownFileType = file; path = "Oswald-VariableFont_wght.ttf"; sourceTree = "<group>"; };
		60D5E93C26A3C4D300803F7E /* DiscCollectionVIewCell.swift */ = {isa = PBXFileReference; lastKnownFileType = sourcecode.swift; path = DiscCollectionVIewCell.swift; sourceTree = "<group>"; };
		60D5E94426A3C71600803F7E /* DiscGroupView.swift */ = {isa = PBXFileReference; lastKnownFileType = sourcecode.swift; path = DiscGroupView.swift; sourceTree = "<group>"; };
		60F099A626A9627A0045CEB7 /* PhotoVIewController.swift */ = {isa = PBXFileReference; lastKnownFileType = sourcecode.swift; path = PhotoVIewController.swift; sourceTree = "<group>"; };
		60F099A826A963A60045CEB7 /* DiscType.swift */ = {isa = PBXFileReference; lastKnownFileType = sourcecode.swift; path = DiscType.swift; sourceTree = "<group>"; };
		60F099B026A96E330045CEB7 /* CompactDisc.swift */ = {isa = PBXFileReference; lastKnownFileType = sourcecode.swift; path = CompactDisc.swift; sourceTree = "<group>"; };
		60F099B326AA5A0A0045CEB7 /* AppleMusicManager.swift */ = {isa = PBXFileReference; lastKnownFileType = sourcecode.swift; path = AppleMusicManager.swift; sourceTree = "<group>"; };
		A13F73C2D21F8826789404C4 /* Pods_MyFirstTests.framework */ = {isa = PBXFileReference; explicitFileType = wrapper.framework; includeInIndex = 0; path = Pods_MyFirstTests.framework; sourceTree = BUILT_PRODUCTS_DIR; };
		C4B566FFC89D3666EC5E7E23 /* Pods_MyFirst_MyFirstUITests.framework */ = {isa = PBXFileReference; explicitFileType = wrapper.framework; includeInIndex = 0; path = Pods_MyFirst_MyFirstUITests.framework; sourceTree = BUILT_PRODUCTS_DIR; };
/* End PBXFileReference section */

/* Begin PBXFrameworksBuildPhase section */
		60D5CC96258613B300C681DD /* Frameworks */ = {
			isa = PBXFrameworksBuildPhase;
			buildActionMask = 2147483647;
			files = (
				50AD4B67F0BF26B984ACBE6A /* Pods_MyFirst.framework in Frameworks */,
			);
			runOnlyForDeploymentPostprocessing = 0;
		};
		60D5CCAC258613B600C681DD /* Frameworks */ = {
			isa = PBXFrameworksBuildPhase;
			buildActionMask = 2147483647;
			files = (
				C2D43C5036F00A7497C8E312 /* Pods_MyFirstTests.framework in Frameworks */,
			);
			runOnlyForDeploymentPostprocessing = 0;
		};
		60D5CCB7258613B600C681DD /* Frameworks */ = {
			isa = PBXFrameworksBuildPhase;
			buildActionMask = 2147483647;
			files = (
				E0C3893B1B9F09154EEBA89A /* Pods_MyFirst_MyFirstUITests.framework in Frameworks */,
			);
			runOnlyForDeploymentPostprocessing = 0;
		};
/* End PBXFrameworksBuildPhase section */

/* Begin PBXGroup section */
		44AA898175A06B37FC9C5080 /* Frameworks */ = {
			isa = PBXGroup;
			children = (
				1511E526DEAECFC133EB54FF /* Pods_MyFirst.framework */,
				C4B566FFC89D3666EC5E7E23 /* Pods_MyFirst_MyFirstUITests.framework */,
				A13F73C2D21F8826789404C4 /* Pods_MyFirstTests.framework */,
			);
			name = Frameworks;
			sourceTree = "<group>";
		};
		60825D81259B109E00B7B242 /* Components */ = {
			isa = PBXGroup;
			children = (
				60878D1B275C9AB20052B91C /* CustomTextField.swift */,
				608922A8277823FE00698ABD /* CustomTextView.swift */,
				608922A02776F95F00698ABD /* CustomUIColor.swift */,
				60825D82259B10EF00B7B242 /* MyTabBarController.swift */,
				60984E7526A1B1B800E957C8 /* NewsView.swift */,
				608922A42777456B00698ABD /* Toast.swift */,
			);
			path = Components;
			sourceTree = "<group>";
		};
		60878D03275B563A0052B91C /* FavoriteList */ = {
			isa = PBXGroup;
			children = (
				60878D12275B63F00052B91C /* Entity */,
				60878D11275B63E60052B91C /* Interactor */,
				60878D10275B58D30052B91C /* Presenter */,
				60878D0F275B58C70052B91C /* Router */,
				60878D0E275B58B50052B91C /* View */,
			);
			path = FavoriteList;
			sourceTree = "<group>";
		};
		60878D0E275B58B50052B91C /* View */ = {
			isa = PBXGroup;
			children = (
				604FFEE1276DDB280057140E /* FavoriteDetailViewController.swift */,
				60825D7C259B102300B7B242 /* FavoriteListViewController.swift */,
				60878D04275B566A0052B91C /* FavoriteListViewControllerProtocol.swift */,
				60878D19275B8EA00052B91C /* FavoriteRegistrationViewController.swift */,
				608922A22777438800698ABD /* ProfileEditViewController.swift */,
			);
			path = View;
			sourceTree = "<group>";
		};
		60878D0F275B58C70052B91C /* Router */ = {
			isa = PBXGroup;
			children = (
				60878D0C275B585A0052B91C /* FavoriteListRouter.swift */,
				60878D0A275B58450052B91C /* FavoriteListRouterProtocol.swift */,
			);
			path = Router;
			sourceTree = "<group>";
		};
		60878D10275B58D30052B91C /* Presenter */ = {
			isa = PBXGroup;
			children = (
				60878D08275B56EE0052B91C /* FavoriteListPresenter.swift */,
				60878D06275B56D20052B91C /* FavoriteListPresenterProtocol .swift */,
			);
			path = Presenter;
			sourceTree = "<group>";
		};
		60878D11275B63E60052B91C /* Interactor */ = {
			isa = PBXGroup;
			children = (
				60878D13275B64230052B91C /* FavoriteListInteractorProtocol.swift */,
				60878D15275B642A0052B91C /* FavoriteListInteractor.swift */,
			);
			path = Interactor;
			sourceTree = "<group>";
		};
		60878D12275B63F00052B91C /* Entity */ = {
			isa = PBXGroup;
			children = (
				60878CFD275B4E9A0052B91C /* MyFavorite.swift */,
				608922A627774DAA00698ABD /* UserInfo.swift */,
			);
			path = Entity;
			sourceTree = "<group>";
		};
		60D5AAE2259B0ADB00A1243E /* View */ = {
			isa = PBXGroup;
			children = (
				60D5CCA0258613B300C681DD /* HomeViewController.swift */,
				60F099A626A9627A0045CEB7 /* PhotoVIewController.swift */,
				60D5AADD259B0AC800A1243E /* VideoViewController.swift */,
			);
			path = View;
			sourceTree = "<group>";
		};
		60D5CC90258613B300C681DD = {
			isa = PBXGroup;
			children = (
				60F099B226AA59E10045CEB7 /* AppleMusic */,
				60D5CC9B258613B300C681DD /* MyFirst */,
				60D5CCB2258613B600C681DD /* MyFirstTests */,
				60D5CCBD258613B600C681DD /* MyFirstUITests */,
				60D5CC9A258613B300C681DD /* Products */,
				9FD41C5574C8D6F9A2B7E44A /* Pods */,
				44AA898175A06B37FC9C5080 /* Frameworks */,
			);
			sourceTree = "<group>";
		};
		60D5CC9A258613B300C681DD /* Products */ = {
			isa = PBXGroup;
			children = (
				60D5CC99258613B300C681DD /* MyFirst.app */,
				60D5CCAF258613B600C681DD /* MyFirstTests.xctest */,
				60D5CCBA258613B600C681DD /* MyFirstUITests.xctest */,
			);
			name = Products;
			sourceTree = "<group>";
		};
		60D5CC9B258613B300C681DD /* MyFirst */ = {
			isa = PBXGroup;
			children = (
				60D5CC9C258613B300C681DD /* AppDelegate.swift */,
				60878D01275B55D80052B91C /* AppDependencies.swift */,
				60D5CCA5258613B600C681DD /* Assets.xcassets */,
				60F099AB26A965950045CEB7 /* CollectionVIew */,
				60825D81259B109E00B7B242 /* Components */,
				60F099AF26A96DFC0045CEB7 /* Entity */,
				60F099A526A946FC0045CEB7 /* Enum */,
				60878D03275B563A0052B91C /* FavoriteList */,
				60D5E93326A3A22500803F7E /* fonts */,
				60D5CCAA258613B600C681DD /* Info.plist */,
				60D5CCA7258613B600C681DD /* LaunchScreen.storyboard */,
				60D5CC9E258613B300C681DD /* SceneDelegate.swift */,
				60D5AAE2259B0ADB00A1243E /* View */,
			);
			path = MyFirst;
			sourceTree = "<group>";
		};
		60D5CCB2258613B600C681DD /* MyFirstTests */ = {
			isa = PBXGroup;
			children = (
				60D5CCB3258613B600C681DD /* MyFirstTests.swift */,
				60D5CCB5258613B600C681DD /* Info.plist */,
			);
			path = MyFirstTests;
			sourceTree = "<group>";
		};
		60D5CCBD258613B600C681DD /* MyFirstUITests */ = {
			isa = PBXGroup;
			children = (
				60D5CCBE258613B600C681DD /* MyFirstUITests.swift */,
				60D5CCC0258613B600C681DD /* Info.plist */,
			);
			path = MyFirstUITests;
			sourceTree = "<group>";
		};
		60D5E93326A3A22500803F7E /* fonts */ = {
			isa = PBXGroup;
			children = (
				60D5E93426A3A25000803F7E /* Oswald-VariableFont_wght.ttf */,
			);
			path = fonts;
			sourceTree = "<group>";
		};
		60F099A526A946FC0045CEB7 /* Enum */ = {
			isa = PBXGroup;
			children = (
				60F099A826A963A60045CEB7 /* DiscType.swift */,
				60878D17275B85690052B91C /* FavoriteCategory.swift */,
				60D5E92B26A3056B00803F7E /* VideoType.swift */,
			);
			path = Enum;
			sourceTree = "<group>";
		};
		60F099AB26A965950045CEB7 /* CollectionVIew */ = {
			isa = PBXGroup;
			children = (
				60D5E93C26A3C4D300803F7E /* DiscCollectionVIewCell.swift */,
				60D5E94426A3C71600803F7E /* DiscGroupView.swift */,
				60878CFF275B4F090052B91C /* FavoriteCollectionViewCell.swift */,
				60878CFB275B4DAF0052B91C /* FavoriteGroupView.swift */,
				60D5E92626A2F77C00803F7E /* VideoCollectionViewCell.swift */,
			);
			path = CollectionVIew;
			sourceTree = "<group>";
		};
		60F099AF26A96DFC0045CEB7 /* Entity */ = {
			isa = PBXGroup;
			children = (
				60F099B026A96E330045CEB7 /* CompactDisc.swift */,
			);
			path = Entity;
			sourceTree = "<group>";
		};
		60F099B226AA59E10045CEB7 /* AppleMusic */ = {
			isa = PBXGroup;
			children = (
				60F099B326AA5A0A0045CEB7 /* AppleMusicManager.swift */,
			);
			path = AppleMusic;
			sourceTree = "<group>";
		};
		9FD41C5574C8D6F9A2B7E44A /* Pods */ = {
			isa = PBXGroup;
			children = (
				44ECF60BF0E8B75CA51E37B3 /* Pods-MyFirst.debug.xcconfig */,
				1228334BAF5FE2E8BF9B6F7A /* Pods-MyFirst.release.xcconfig */,
				56F056609B28AD22053B81D6 /* Pods-MyFirst-MyFirstUITests.debug.xcconfig */,
				1B223E29463043B03486C471 /* Pods-MyFirst-MyFirstUITests.release.xcconfig */,
				3ACE71CA7F8DE1441B712588 /* Pods-MyFirstTests.debug.xcconfig */,
				464F05F55D38240FED411859 /* Pods-MyFirstTests.release.xcconfig */,
			);
			path = Pods;
			sourceTree = "<group>";
		};
/* End PBXGroup section */

/* Begin PBXNativeTarget section */
		60D5CC98258613B300C681DD /* MyFirst */ = {
			isa = PBXNativeTarget;
			buildConfigurationList = 60D5CCC3258613B600C681DD /* Build configuration list for PBXNativeTarget "MyFirst" */;
			buildPhases = (
				DB138DE01419C2D523853B7D /* [CP] Check Pods Manifest.lock */,
				60D5CC95258613B300C681DD /* Sources */,
				60D5CC96258613B300C681DD /* Frameworks */,
				60D5CC97258613B300C681DD /* Resources */,
				0455100DC8750A844DFFA6CB /* [CP] Embed Pods Frameworks */,
			);
			buildRules = (
			);
			dependencies = (
			);
			name = MyFirst;
			productName = MyFirst;
			productReference = 60D5CC99258613B300C681DD /* MyFirst.app */;
			productType = "com.apple.product-type.application";
		};
		60D5CCAE258613B600C681DD /* MyFirstTests */ = {
			isa = PBXNativeTarget;
			buildConfigurationList = 60D5CCC6258613B600C681DD /* Build configuration list for PBXNativeTarget "MyFirstTests" */;
			buildPhases = (
				55259610FF286C1D4CA12B90 /* [CP] Check Pods Manifest.lock */,
				60D5CCAB258613B600C681DD /* Sources */,
				60D5CCAC258613B600C681DD /* Frameworks */,
				60D5CCAD258613B600C681DD /* Resources */,
			);
			buildRules = (
			);
			dependencies = (
				60D5CCB1258613B600C681DD /* PBXTargetDependency */,
			);
			name = MyFirstTests;
			productName = MyFirstTests;
			productReference = 60D5CCAF258613B600C681DD /* MyFirstTests.xctest */;
			productType = "com.apple.product-type.bundle.unit-test";
		};
		60D5CCB9258613B600C681DD /* MyFirstUITests */ = {
			isa = PBXNativeTarget;
			buildConfigurationList = 60D5CCC9258613B600C681DD /* Build configuration list for PBXNativeTarget "MyFirstUITests" */;
			buildPhases = (
				F46CFBC87032974F7F62E1E2 /* [CP] Check Pods Manifest.lock */,
				60D5CCB6258613B600C681DD /* Sources */,
				60D5CCB7258613B600C681DD /* Frameworks */,
				60D5CCB8258613B600C681DD /* Resources */,
				AC3BF60EFF212CDB4B9DA6C3 /* [CP] Embed Pods Frameworks */,
			);
			buildRules = (
			);
			dependencies = (
				60D5CCBC258613B600C681DD /* PBXTargetDependency */,
			);
			name = MyFirstUITests;
			productName = MyFirstUITests;
			productReference = 60D5CCBA258613B600C681DD /* MyFirstUITests.xctest */;
			productType = "com.apple.product-type.bundle.ui-testing";
		};
/* End PBXNativeTarget section */

/* Begin PBXProject section */
		60D5CC91258613B300C681DD /* Project object */ = {
			isa = PBXProject;
			attributes = {
				LastSwiftUpdateCheck = 1220;
				LastUpgradeCheck = 1220;
				TargetAttributes = {
					60D5CC98258613B300C681DD = {
						CreatedOnToolsVersion = 12.2;
					};
					60D5CCAE258613B600C681DD = {
						CreatedOnToolsVersion = 12.2;
						TestTargetID = 60D5CC98258613B300C681DD;
					};
					60D5CCB9258613B600C681DD = {
						CreatedOnToolsVersion = 12.2;
						TestTargetID = 60D5CC98258613B300C681DD;
					};
				};
			};
			buildConfigurationList = 60D5CC94258613B300C681DD /* Build configuration list for PBXProject "MyFirst" */;
			compatibilityVersion = "Xcode 9.3";
			developmentRegion = en;
			hasScannedForEncodings = 0;
			knownRegions = (
				en,
				Base,
			);
			mainGroup = 60D5CC90258613B300C681DD;
			productRefGroup = 60D5CC9A258613B300C681DD /* Products */;
			projectDirPath = "";
			projectRoot = "";
			targets = (
				60D5CC98258613B300C681DD /* MyFirst */,
				60D5CCAE258613B600C681DD /* MyFirstTests */,
				60D5CCB9258613B600C681DD /* MyFirstUITests */,
			);
		};
/* End PBXProject section */

/* Begin PBXResourcesBuildPhase section */
		60D5CC97258613B300C681DD /* Resources */ = {
			isa = PBXResourcesBuildPhase;
			buildActionMask = 2147483647;
			files = (
				60D5CCA9258613B600C681DD /* LaunchScreen.storyboard in Resources */,
				60D5CCA6258613B600C681DD /* Assets.xcassets in Resources */,
				60D5E93526A3A25000803F7E /* Oswald-VariableFont_wght.ttf in Resources */,
			);
			runOnlyForDeploymentPostprocessing = 0;
		};
		60D5CCAD258613B600C681DD /* Resources */ = {
			isa = PBXResourcesBuildPhase;
			buildActionMask = 2147483647;
			files = (
			);
			runOnlyForDeploymentPostprocessing = 0;
		};
		60D5CCB8258613B600C681DD /* Resources */ = {
			isa = PBXResourcesBuildPhase;
			buildActionMask = 2147483647;
			files = (
			);
			runOnlyForDeploymentPostprocessing = 0;
		};
/* End PBXResourcesBuildPhase section */

/* Begin PBXShellScriptBuildPhase section */
		0455100DC8750A844DFFA6CB /* [CP] Embed Pods Frameworks */ = {
			isa = PBXShellScriptBuildPhase;
			buildActionMask = 2147483647;
			files = (
			);
			inputFileListPaths = (
				"${PODS_ROOT}/Target Support Files/Pods-MyFirst/Pods-MyFirst-frameworks-${CONFIGURATION}-input-files.xcfilelist",
			);
			name = "[CP] Embed Pods Frameworks";
			outputFileListPaths = (
				"${PODS_ROOT}/Target Support Files/Pods-MyFirst/Pods-MyFirst-frameworks-${CONFIGURATION}-output-files.xcfilelist",
			);
			runOnlyForDeploymentPostprocessing = 0;
			shellPath = /bin/sh;
			shellScript = "\"${PODS_ROOT}/Target Support Files/Pods-MyFirst/Pods-MyFirst-frameworks.sh\"\n";
			showEnvVarsInLog = 0;
		};
		55259610FF286C1D4CA12B90 /* [CP] Check Pods Manifest.lock */ = {
			isa = PBXShellScriptBuildPhase;
			buildActionMask = 2147483647;
			files = (
			);
			inputFileListPaths = (
			);
			inputPaths = (
				"${PODS_PODFILE_DIR_PATH}/Podfile.lock",
				"${PODS_ROOT}/Manifest.lock",
			);
			name = "[CP] Check Pods Manifest.lock";
			outputFileListPaths = (
			);
			outputPaths = (
				"$(DERIVED_FILE_DIR)/Pods-MyFirstTests-checkManifestLockResult.txt",
			);
			runOnlyForDeploymentPostprocessing = 0;
			shellPath = /bin/sh;
			shellScript = "diff \"${PODS_PODFILE_DIR_PATH}/Podfile.lock\" \"${PODS_ROOT}/Manifest.lock\" > /dev/null\nif [ $? != 0 ] ; then\n    # print error to STDERR\n    echo \"error: The sandbox is not in sync with the Podfile.lock. Run 'pod install' or update your CocoaPods installation.\" >&2\n    exit 1\nfi\n# This output is used by Xcode 'outputs' to avoid re-running this script phase.\necho \"SUCCESS\" > \"${SCRIPT_OUTPUT_FILE_0}\"\n";
			showEnvVarsInLog = 0;
		};
		AC3BF60EFF212CDB4B9DA6C3 /* [CP] Embed Pods Frameworks */ = {
			isa = PBXShellScriptBuildPhase;
			buildActionMask = 2147483647;
			files = (
			);
			inputFileListPaths = (
				"${PODS_ROOT}/Target Support Files/Pods-MyFirst-MyFirstUITests/Pods-MyFirst-MyFirstUITests-frameworks-${CONFIGURATION}-input-files.xcfilelist",
			);
			name = "[CP] Embed Pods Frameworks";
			outputFileListPaths = (
				"${PODS_ROOT}/Target Support Files/Pods-MyFirst-MyFirstUITests/Pods-MyFirst-MyFirstUITests-frameworks-${CONFIGURATION}-output-files.xcfilelist",
			);
			runOnlyForDeploymentPostprocessing = 0;
			shellPath = /bin/sh;
			shellScript = "\"${PODS_ROOT}/Target Support Files/Pods-MyFirst-MyFirstUITests/Pods-MyFirst-MyFirstUITests-frameworks.sh\"\n";
			showEnvVarsInLog = 0;
		};
		DB138DE01419C2D523853B7D /* [CP] Check Pods Manifest.lock */ = {
			isa = PBXShellScriptBuildPhase;
			buildActionMask = 2147483647;
			files = (
			);
			inputFileListPaths = (
			);
			inputPaths = (
				"${PODS_PODFILE_DIR_PATH}/Podfile.lock",
				"${PODS_ROOT}/Manifest.lock",
			);
			name = "[CP] Check Pods Manifest.lock";
			outputFileListPaths = (
			);
			outputPaths = (
				"$(DERIVED_FILE_DIR)/Pods-MyFirst-checkManifestLockResult.txt",
			);
			runOnlyForDeploymentPostprocessing = 0;
			shellPath = /bin/sh;
			shellScript = "diff \"${PODS_PODFILE_DIR_PATH}/Podfile.lock\" \"${PODS_ROOT}/Manifest.lock\" > /dev/null\nif [ $? != 0 ] ; then\n    # print error to STDERR\n    echo \"error: The sandbox is not in sync with the Podfile.lock. Run 'pod install' or update your CocoaPods installation.\" >&2\n    exit 1\nfi\n# This output is used by Xcode 'outputs' to avoid re-running this script phase.\necho \"SUCCESS\" > \"${SCRIPT_OUTPUT_FILE_0}\"\n";
			showEnvVarsInLog = 0;
		};
		F46CFBC87032974F7F62E1E2 /* [CP] Check Pods Manifest.lock */ = {
			isa = PBXShellScriptBuildPhase;
			buildActionMask = 2147483647;
			files = (
			);
			inputFileListPaths = (
			);
			inputPaths = (
				"${PODS_PODFILE_DIR_PATH}/Podfile.lock",
				"${PODS_ROOT}/Manifest.lock",
			);
			name = "[CP] Check Pods Manifest.lock";
			outputFileListPaths = (
			);
			outputPaths = (
				"$(DERIVED_FILE_DIR)/Pods-MyFirst-MyFirstUITests-checkManifestLockResult.txt",
			);
			runOnlyForDeploymentPostprocessing = 0;
			shellPath = /bin/sh;
			shellScript = "diff \"${PODS_PODFILE_DIR_PATH}/Podfile.lock\" \"${PODS_ROOT}/Manifest.lock\" > /dev/null\nif [ $? != 0 ] ; then\n    # print error to STDERR\n    echo \"error: The sandbox is not in sync with the Podfile.lock. Run 'pod install' or update your CocoaPods installation.\" >&2\n    exit 1\nfi\n# This output is used by Xcode 'outputs' to avoid re-running this script phase.\necho \"SUCCESS\" > \"${SCRIPT_OUTPUT_FILE_0}\"\n";
			showEnvVarsInLog = 0;
		};
/* End PBXShellScriptBuildPhase section */

/* Begin PBXSourcesBuildPhase section */
		60D5CC95258613B300C681DD /* Sources */ = {
			isa = PBXSourcesBuildPhase;
			buildActionMask = 2147483647;
			files = (
				60878D16275B642A0052B91C /* FavoriteListInteractor.swift in Sources */,
				60D5AADE259B0AC800A1243E /* VideoViewController.swift in Sources */,
				60D5CCA1258613B300C681DD /* HomeViewController.swift in Sources */,
				60F099B426AA5A0A0045CEB7 /* AppleMusicManager.swift in Sources */,
				60825D7D259B102300B7B242 /* FavoriteListViewController.swift in Sources */,
				60878D1C275C9AB30052B91C /* CustomTextField.swift in Sources */,
				608922A12776F95F00698ABD /* CustomUIColor.swift in Sources */,
				604FFEE2276DDB280057140E /* FavoriteDetailViewController.swift in Sources */,
				60878D1A275B8EA00052B91C /* FavoriteRegistrationViewController.swift in Sources */,
				60878D00275B4F090052B91C /* FavoriteCollectionViewCell.swift in Sources */,
				60878D02275B55D80052B91C /* AppDependencies.swift in Sources */,
				608922A9277823FE00698ABD /* CustomTextView.swift in Sources */,
				60984E7626A1B1B800E957C8 /* NewsView.swift in Sources */,
				60878D0B275B58450052B91C /* FavoriteListRouterProtocol.swift in Sources */,
				60F099B126A96E330045CEB7 /* CompactDisc.swift in Sources */,
				60878D07275B56D20052B91C /* FavoriteListPresenterProtocol .swift in Sources */,
				60D5CC9D258613B300C681DD /* AppDelegate.swift in Sources */,
				608922A32777438800698ABD /* ProfileEditViewController.swift in Sources */,
				60F099A726A9627A0045CEB7 /* PhotoVIewController.swift in Sources */,
				60F099A926A963A60045CEB7 /* DiscType.swift in Sources */,
				608922A52777456B00698ABD /* Toast.swift in Sources */,
				60D5E94526A3C71600803F7E /* DiscGroupView.swift in Sources */,
				60878CFC275B4DAF0052B91C /* FavoriteGroupView.swift in Sources */,
				608922A727774DAA00698ABD /* UserInfo.swift in Sources */,
				60D5E93D26A3C4D300803F7E /* DiscCollectionVIewCell.swift in Sources */,
				60878D0D275B585A0052B91C /* FavoriteListRouter.swift in Sources */,
				60878CFE275B4E9A0052B91C /* MyFavorite.swift in Sources */,
				60D5CC9F258613B300C681DD /* SceneDelegate.swift in Sources */,
				60878D18275B85690052B91C /* FavoriteCategory.swift in Sources */,
				60D5E92726A2F77C00803F7E /* VideoCollectionViewCell.swift in Sources */,
				60878D09275B56EE0052B91C /* FavoriteListPresenter.swift in Sources */,
				60D5E92C26A3056B00803F7E /* VideoType.swift in Sources */,
				60878D05275B566A0052B91C /* FavoriteListViewControllerProtocol.swift in Sources */,
				60825D83259B10EF00B7B242 /* MyTabBarController.swift in Sources */,
				60878D14275B64230052B91C /* FavoriteListInteractorProtocol.swift in Sources */,
			);
			runOnlyForDeploymentPostprocessing = 0;
		};
		60D5CCAB258613B600C681DD /* Sources */ = {
			isa = PBXSourcesBuildPhase;
			buildActionMask = 2147483647;
			files = (
				60D5CCB4258613B600C681DD /* MyFirstTests.swift in Sources */,
			);
			runOnlyForDeploymentPostprocessing = 0;
		};
		60D5CCB6258613B600C681DD /* Sources */ = {
			isa = PBXSourcesBuildPhase;
			buildActionMask = 2147483647;
			files = (
				60D5CCBF258613B600C681DD /* MyFirstUITests.swift in Sources */,
			);
			runOnlyForDeploymentPostprocessing = 0;
		};
/* End PBXSourcesBuildPhase section */

/* Begin PBXTargetDependency section */
		60D5CCB1258613B600C681DD /* PBXTargetDependency */ = {
			isa = PBXTargetDependency;
			target = 60D5CC98258613B300C681DD /* MyFirst */;
			targetProxy = 60D5CCB0258613B600C681DD /* PBXContainerItemProxy */;
		};
		60D5CCBC258613B600C681DD /* PBXTargetDependency */ = {
			isa = PBXTargetDependency;
			target = 60D5CC98258613B300C681DD /* MyFirst */;
			targetProxy = 60D5CCBB258613B600C681DD /* PBXContainerItemProxy */;
		};
/* End PBXTargetDependency section */

/* Begin PBXVariantGroup section */
		60D5CCA7258613B600C681DD /* LaunchScreen.storyboard */ = {
			isa = PBXVariantGroup;
			children = (
				60D5CCA8258613B600C681DD /* Base */,
			);
			name = LaunchScreen.storyboard;
			sourceTree = "<group>";
		};
/* End PBXVariantGroup section */

/* Begin XCBuildConfiguration section */
		60D5CCC1258613B600C681DD /* Debug */ = {
			isa = XCBuildConfiguration;
			buildSettings = {
				ALWAYS_SEARCH_USER_PATHS = NO;
				CLANG_ANALYZER_NONNULL = YES;
				CLANG_ANALYZER_NUMBER_OBJECT_CONVERSION = YES_AGGRESSIVE;
				CLANG_CXX_LANGUAGE_STANDARD = "gnu++14";
				CLANG_CXX_LIBRARY = "libc++";
				CLANG_ENABLE_MODULES = YES;
				CLANG_ENABLE_OBJC_ARC = YES;
				CLANG_ENABLE_OBJC_WEAK = YES;
				CLANG_WARN_BLOCK_CAPTURE_AUTORELEASING = YES;
				CLANG_WARN_BOOL_CONVERSION = YES;
				CLANG_WARN_COMMA = YES;
				CLANG_WARN_CONSTANT_CONVERSION = YES;
				CLANG_WARN_DEPRECATED_OBJC_IMPLEMENTATIONS = YES;
				CLANG_WARN_DIRECT_OBJC_ISA_USAGE = YES_ERROR;
				CLANG_WARN_DOCUMENTATION_COMMENTS = YES;
				CLANG_WARN_EMPTY_BODY = YES;
				CLANG_WARN_ENUM_CONVERSION = YES;
				CLANG_WARN_INFINITE_RECURSION = YES;
				CLANG_WARN_INT_CONVERSION = YES;
				CLANG_WARN_NON_LITERAL_NULL_CONVERSION = YES;
				CLANG_WARN_OBJC_IMPLICIT_RETAIN_SELF = YES;
				CLANG_WARN_OBJC_LITERAL_CONVERSION = YES;
				CLANG_WARN_OBJC_ROOT_CLASS = YES_ERROR;
				CLANG_WARN_QUOTED_INCLUDE_IN_FRAMEWORK_HEADER = YES;
				CLANG_WARN_RANGE_LOOP_ANALYSIS = YES;
				CLANG_WARN_STRICT_PROTOTYPES = YES;
				CLANG_WARN_SUSPICIOUS_MOVE = YES;
				CLANG_WARN_UNGUARDED_AVAILABILITY = YES_AGGRESSIVE;
				CLANG_WARN_UNREACHABLE_CODE = YES;
				CLANG_WARN__DUPLICATE_METHOD_MATCH = YES;
				COPY_PHASE_STRIP = NO;
				DEBUG_INFORMATION_FORMAT = dwarf;
				ENABLE_STRICT_OBJC_MSGSEND = YES;
				ENABLE_TESTABILITY = YES;
				GCC_C_LANGUAGE_STANDARD = gnu11;
				GCC_DYNAMIC_NO_PIC = NO;
				GCC_NO_COMMON_BLOCKS = YES;
				GCC_OPTIMIZATION_LEVEL = 0;
				GCC_PREPROCESSOR_DEFINITIONS = (
					"DEBUG=1",
					"$(inherited)",
				);
				GCC_WARN_64_TO_32_BIT_CONVERSION = YES;
				GCC_WARN_ABOUT_RETURN_TYPE = YES_ERROR;
				GCC_WARN_UNDECLARED_SELECTOR = YES;
				GCC_WARN_UNINITIALIZED_AUTOS = YES_AGGRESSIVE;
				GCC_WARN_UNUSED_FUNCTION = YES;
				GCC_WARN_UNUSED_VARIABLE = YES;
				IPHONEOS_DEPLOYMENT_TARGET = 14.2;
				MTL_ENABLE_DEBUG_INFO = INCLUDE_SOURCE;
				MTL_FAST_MATH = YES;
				ONLY_ACTIVE_ARCH = YES;
				SDKROOT = iphoneos;
				SWIFT_ACTIVE_COMPILATION_CONDITIONS = DEBUG;
				SWIFT_OPTIMIZATION_LEVEL = "-Onone";
			};
			name = Debug;
		};
		60D5CCC2258613B600C681DD /* Release */ = {
			isa = XCBuildConfiguration;
			buildSettings = {
				ALWAYS_SEARCH_USER_PATHS = NO;
				CLANG_ANALYZER_NONNULL = YES;
				CLANG_ANALYZER_NUMBER_OBJECT_CONVERSION = YES_AGGRESSIVE;
				CLANG_CXX_LANGUAGE_STANDARD = "gnu++14";
				CLANG_CXX_LIBRARY = "libc++";
				CLANG_ENABLE_MODULES = YES;
				CLANG_ENABLE_OBJC_ARC = YES;
				CLANG_ENABLE_OBJC_WEAK = YES;
				CLANG_WARN_BLOCK_CAPTURE_AUTORELEASING = YES;
				CLANG_WARN_BOOL_CONVERSION = YES;
				CLANG_WARN_COMMA = YES;
				CLANG_WARN_CONSTANT_CONVERSION = YES;
				CLANG_WARN_DEPRECATED_OBJC_IMPLEMENTATIONS = YES;
				CLANG_WARN_DIRECT_OBJC_ISA_USAGE = YES_ERROR;
				CLANG_WARN_DOCUMENTATION_COMMENTS = YES;
				CLANG_WARN_EMPTY_BODY = YES;
				CLANG_WARN_ENUM_CONVERSION = YES;
				CLANG_WARN_INFINITE_RECURSION = YES;
				CLANG_WARN_INT_CONVERSION = YES;
				CLANG_WARN_NON_LITERAL_NULL_CONVERSION = YES;
				CLANG_WARN_OBJC_IMPLICIT_RETAIN_SELF = YES;
				CLANG_WARN_OBJC_LITERAL_CONVERSION = YES;
				CLANG_WARN_OBJC_ROOT_CLASS = YES_ERROR;
				CLANG_WARN_QUOTED_INCLUDE_IN_FRAMEWORK_HEADER = YES;
				CLANG_WARN_RANGE_LOOP_ANALYSIS = YES;
				CLANG_WARN_STRICT_PROTOTYPES = YES;
				CLANG_WARN_SUSPICIOUS_MOVE = YES;
				CLANG_WARN_UNGUARDED_AVAILABILITY = YES_AGGRESSIVE;
				CLANG_WARN_UNREACHABLE_CODE = YES;
				CLANG_WARN__DUPLICATE_METHOD_MATCH = YES;
				COPY_PHASE_STRIP = NO;
				DEBUG_INFORMATION_FORMAT = "dwarf-with-dsym";
				ENABLE_NS_ASSERTIONS = NO;
				ENABLE_STRICT_OBJC_MSGSEND = YES;
				GCC_C_LANGUAGE_STANDARD = gnu11;
				GCC_NO_COMMON_BLOCKS = YES;
				GCC_WARN_64_TO_32_BIT_CONVERSION = YES;
				GCC_WARN_ABOUT_RETURN_TYPE = YES_ERROR;
				GCC_WARN_UNDECLARED_SELECTOR = YES;
				GCC_WARN_UNINITIALIZED_AUTOS = YES_AGGRESSIVE;
				GCC_WARN_UNUSED_FUNCTION = YES;
				GCC_WARN_UNUSED_VARIABLE = YES;
				IPHONEOS_DEPLOYMENT_TARGET = 14.2;
				MTL_ENABLE_DEBUG_INFO = NO;
				MTL_FAST_MATH = YES;
				SDKROOT = iphoneos;
				SWIFT_COMPILATION_MODE = wholemodule;
				SWIFT_OPTIMIZATION_LEVEL = "-O";
				VALIDATE_PRODUCT = YES;
			};
			name = Release;
		};
		60D5CCC4258613B600C681DD /* Debug */ = {
			isa = XCBuildConfiguration;
			baseConfigurationReference = 44ECF60BF0E8B75CA51E37B3 /* Pods-MyFirst.debug.xcconfig */;
			buildSettings = {
				ASSETCATALOG_COMPILER_APPICON_NAME = AppIcon;
				ASSETCATALOG_COMPILER_GLOBAL_ACCENT_COLOR_NAME = AccentColor;
				CODE_SIGN_STYLE = Automatic;
				CURRENT_PROJECT_VERSION = 8;
				DEVELOPMENT_TEAM = BQ9TA5PGM2;
				INFOPLIST_FILE = MyFirst/Info.plist;
				LD_RUNPATH_SEARCH_PATHS = (
					"$(inherited)",
					"@executable_path/Frameworks",
				);
				MARKETING_VERSION = 3.0;
				PRODUCT_BUNDLE_IDENTIFIER = com.myfirst20201213.MyFirst;
				PRODUCT_NAME = "$(TARGET_NAME)";
				SWIFT_VERSION = 5.0;
				TARGETED_DEVICE_FAMILY = "1,2";
			};
			name = Debug;
		};
		60D5CCC5258613B600C681DD /* Release */ = {
			isa = XCBuildConfiguration;
			baseConfigurationReference = 1228334BAF5FE2E8BF9B6F7A /* Pods-MyFirst.release.xcconfig */;
			buildSettings = {
				ASSETCATALOG_COMPILER_APPICON_NAME = AppIcon;
				ASSETCATALOG_COMPILER_GLOBAL_ACCENT_COLOR_NAME = AccentColor;
				CODE_SIGN_STYLE = Automatic;
				CURRENT_PROJECT_VERSION = 8;
				DEVELOPMENT_TEAM = BQ9TA5PGM2;
				INFOPLIST_FILE = MyFirst/Info.plist;
				LD_RUNPATH_SEARCH_PATHS = (
					"$(inherited)",
					"@executable_path/Frameworks",
				);
				MARKETING_VERSION = 3.0;
				PRODUCT_BUNDLE_IDENTIFIER = com.myfirst20201213.MyFirst;
				PRODUCT_NAME = "$(TARGET_NAME)";
				SWIFT_VERSION = 5.0;
				TARGETED_DEVICE_FAMILY = "1,2";
			};
			name = Release;
		};
		60D5CCC7258613B600C681DD /* Debug */ = {
			isa = XCBuildConfiguration;
			baseConfigurationReference = 3ACE71CA7F8DE1441B712588 /* Pods-MyFirstTests.debug.xcconfig */;
			buildSettings = {
				ALWAYS_EMBED_SWIFT_STANDARD_LIBRARIES = "$(inherited)";
				BUNDLE_LOADER = "$(TEST_HOST)";
				CODE_SIGN_STYLE = Automatic;
				DEVELOPMENT_TEAM = BQ9TA5PGM2;
				INFOPLIST_FILE = MyFirstTests/Info.plist;
				IPHONEOS_DEPLOYMENT_TARGET = 14.2;
				LD_RUNPATH_SEARCH_PATHS = (
					"$(inherited)",
					"@executable_path/Frameworks",
					"@loader_path/Frameworks",
				);
				PRODUCT_BUNDLE_IDENTIFIER = com.myfirst20201213.MyFirstTests;
				PRODUCT_NAME = "$(TARGET_NAME)";
				SWIFT_VERSION = 5.0;
				TARGETED_DEVICE_FAMILY = "1,2";
				TEST_HOST = "$(BUILT_PRODUCTS_DIR)/MyFirst.app/MyFirst";
			};
			name = Debug;
		};
		60D5CCC8258613B600C681DD /* Release */ = {
			isa = XCBuildConfiguration;
			baseConfigurationReference = 464F05F55D38240FED411859 /* Pods-MyFirstTests.release.xcconfig */;
			buildSettings = {
				ALWAYS_EMBED_SWIFT_STANDARD_LIBRARIES = "$(inherited)";
				BUNDLE_LOADER = "$(TEST_HOST)";
				CODE_SIGN_STYLE = Automatic;
				DEVELOPMENT_TEAM = BQ9TA5PGM2;
				INFOPLIST_FILE = MyFirstTests/Info.plist;
				IPHONEOS_DEPLOYMENT_TARGET = 14.2;
				LD_RUNPATH_SEARCH_PATHS = (
					"$(inherited)",
					"@executable_path/Frameworks",
					"@loader_path/Frameworks",
				);
				PRODUCT_BUNDLE_IDENTIFIER = com.myfirst20201213.MyFirstTests;
				PRODUCT_NAME = "$(TARGET_NAME)";
				SWIFT_VERSION = 5.0;
				TARGETED_DEVICE_FAMILY = "1,2";
				TEST_HOST = "$(BUILT_PRODUCTS_DIR)/MyFirst.app/MyFirst";
			};
			name = Release;
		};
		60D5CCCA258613B600C681DD /* Debug */ = {
			isa = XCBuildConfiguration;
			baseConfigurationReference = 56F056609B28AD22053B81D6 /* Pods-MyFirst-MyFirstUITests.debug.xcconfig */;
			buildSettings = {
				ALWAYS_EMBED_SWIFT_STANDARD_LIBRARIES = "$(inherited)";
				CODE_SIGN_STYLE = Automatic;
				DEVELOPMENT_TEAM = BQ9TA5PGM2;
				INFOPLIST_FILE = MyFirstUITests/Info.plist;
				LD_RUNPATH_SEARCH_PATHS = (
					"$(inherited)",
					"@executable_path/Frameworks",
					"@loader_path/Frameworks",
				);
				PRODUCT_BUNDLE_IDENTIFIER = com.myfirst20201213.MyFirstUITests;
				PRODUCT_NAME = "$(TARGET_NAME)";
				SWIFT_VERSION = 5.0;
				TARGETED_DEVICE_FAMILY = "1,2";
				TEST_TARGET_NAME = MyFirst;
			};
			name = Debug;
		};
		60D5CCCB258613B600C681DD /* Release */ = {
			isa = XCBuildConfiguration;
			baseConfigurationReference = 1B223E29463043B03486C471 /* Pods-MyFirst-MyFirstUITests.release.xcconfig */;
			buildSettings = {
				ALWAYS_EMBED_SWIFT_STANDARD_LIBRARIES = "$(inherited)";
				CODE_SIGN_STYLE = Automatic;
				DEVELOPMENT_TEAM = BQ9TA5PGM2;
				INFOPLIST_FILE = MyFirstUITests/Info.plist;
				LD_RUNPATH_SEARCH_PATHS = (
					"$(inherited)",
					"@executable_path/Frameworks",
					"@loader_path/Frameworks",
				);
				PRODUCT_BUNDLE_IDENTIFIER = com.myfirst20201213.MyFirstUITests;
				PRODUCT_NAME = "$(TARGET_NAME)";
				SWIFT_VERSION = 5.0;
				TARGETED_DEVICE_FAMILY = "1,2";
				TEST_TARGET_NAME = MyFirst;
			};
			name = Release;
		};
/* End XCBuildConfiguration section */

/* Begin XCConfigurationList section */
		60D5CC94258613B300C681DD /* Build configuration list for PBXProject "MyFirst" */ = {
			isa = XCConfigurationList;
			buildConfigurations = (
				60D5CCC1258613B600C681DD /* Debug */,
				60D5CCC2258613B600C681DD /* Release */,
			);
			defaultConfigurationIsVisible = 0;
			defaultConfigurationName = Release;
		};
		60D5CCC3258613B600C681DD /* Build configuration list for PBXNativeTarget "MyFirst" */ = {
			isa = XCConfigurationList;
			buildConfigurations = (
				60D5CCC4258613B600C681DD /* Debug */,
				60D5CCC5258613B600C681DD /* Release */,
			);
			defaultConfigurationIsVisible = 0;
			defaultConfigurationName = Release;
		};
		60D5CCC6258613B600C681DD /* Build configuration list for PBXNativeTarget "MyFirstTests" */ = {
			isa = XCConfigurationList;
			buildConfigurations = (
				60D5CCC7258613B600C681DD /* Debug */,
				60D5CCC8258613B600C681DD /* Release */,
			);
			defaultConfigurationIsVisible = 0;
			defaultConfigurationName = Release;
		};
		60D5CCC9258613B600C681DD /* Build configuration list for PBXNativeTarget "MyFirstUITests" */ = {
			isa = XCConfigurationList;
			buildConfigurations = (
				60D5CCCA258613B600C681DD /* Debug */,
				60D5CCCB258613B600C681DD /* Release */,
			);
			defaultConfigurationIsVisible = 0;
			defaultConfigurationName = Release;
		};
/* End XCConfigurationList section */
	};
	rootObject = 60D5CC91258613B300C681DD /* Project object */;
}
